
Microsoft Visual Studio Solution File, Format Version 12.00
# Visual Studio Version 17
VisualStudioVersion = 17.8.34601.278
MinimumVisualStudioVersion = 10.0.40219.1
Project("{FAE04EC0-301F-11D3-BF4B-00C04F79EFBC}") = "myMLApp", "myMLApp\myMLApp.csproj", "{7DDF76FF-DA7E-46DA-9999-932732499145}"
EndProject
Global
	GlobalSection(SolutionConfigurationPlatforms) = preSolution
		Debug|Any CPU = Debug|Any CPU
		Release|Any CPU = Release|Any CPU
	EndGlobalSection
	GlobalSection(ProjectConfigurationPlatforms) = postSolution
		{7DDF76FF-DA7E-46DA-9999-932732499145}.Debug|Any CPU.ActiveCfg = Debug|Any CPU
		{7DDF76FF-DA7E-46DA-9999-932732499145}.Debug|Any CPU.Build.0 = Debug|Any CPU
		{7DDF76FF-DA7E-46DA-9999-932732499145}.Release|Any CPU.ActiveCfg = Release|Any CPU
		{7DDF76FF-DA7E-46DA-9999-932732499145}.Release|Any CPU.Build.0 = Release|Any CPU
	EndGlobalSection
	GlobalSection(SolutionProperties) = preSolution
		HideSolutionNode = FALSE
	EndGlobalSection
	GlobalSection(ExtensibilityGlobals) = postSolution
		SolutionGuid = {2F9BA034-53D9-44BF-B78B-D4DA8B281C81}
	EndGlobalSection
EndGlobal
